
Microsoft Visual Studio Solution File, Format Version 12.00
# Visual Studio 15
VisualStudioVersion = 15.0.27428.2037
MinimumVisualStudioVersion = 10.0.40219.1
Project("{FAE04EC0-301F-11D3-BF4B-00C04F79EFBC}") = "过雨烟云", "过雨烟云\过雨烟云.csproj", "{760D084C-7163-43DE-8494-D3339CA58275}"
EndProject
Project("{FAE04EC0-301F-11D3-BF4B-00C04F79EFBC}") = "BLL", "BLL\BLL.csproj", "{F65AC62B-7DA9-4F58-83FB-48B155631384}"
EndProject
Project("{FAE04EC0-301F-11D3-BF4B-00C04F79EFBC}") = "DAL", "DAL\DAL.csproj", "{6E4EF66F-FAA1-4BB9-B954-6889F2F1B1EA}"
EndProject
Project("{FAE04EC0-301F-11D3-BF4B-00C04F79EFBC}") = "Model", "Model\Model.csproj", "{8C322826-2CA8-42D8-B0D3-A47F2E144506}"
EndProject
Project("{FAE04EC0-301F-11D3-BF4B-00C04F79EFBC}") = "DBS", "DBS\DBS.csproj", "{3A8CB96F-4B6E-4BF1-97A1-F20CF80D7485}"
EndProject
Global
	GlobalSection(SolutionConfigurationPlatforms) = preSolution
		Debug|Any CPU = Debug|Any CPU
		Release|Any CPU = Release|Any CPU
	EndGlobalSection
	GlobalSection(ProjectConfigurationPlatforms) = postSolution
		{760D084C-7163-43DE-8494-D3339CA58275}.Debug|Any CPU.ActiveCfg = Debug|Any CPU
		{760D084C-7163-43DE-8494-D3339CA58275}.Debug|Any CPU.Build.0 = Debug|Any CPU
		{760D084C-7163-43DE-8494-D3339CA58275}.Release|Any CPU.ActiveCfg = Release|Any CPU
		{760D084C-7163-43DE-8494-D3339CA58275}.Release|Any CPU.Build.0 = Release|Any CPU
		{F65AC62B-7DA9-4F58-83FB-48B155631384}.Debug|Any CPU.ActiveCfg = Debug|Any CPU
		{F65AC62B-7DA9-4F58-83FB-48B155631384}.Debug|Any CPU.Build.0 = Debug|Any CPU
		{F65AC62B-7DA9-4F58-83FB-48B155631384}.Release|Any CPU.ActiveCfg = Release|Any CPU
		{F65AC62B-7DA9-4F58-83FB-48B155631384}.Release|Any CPU.Build.0 = Release|Any CPU
		{6E4EF66F-FAA1-4BB9-B954-6889F2F1B1EA}.Debug|Any CPU.ActiveCfg = Debug|Any CPU
		{6E4EF66F-FAA1-4BB9-B954-6889F2F1B1EA}.Debug|Any CPU.Build.0 = Debug|Any CPU
		{6E4EF66F-FAA1-4BB9-B954-6889F2F1B1EA}.Release|Any CPU.ActiveCfg = Release|Any CPU
		{6E4EF66F-FAA1-4BB9-B954-6889F2F1B1EA}.Release|Any CPU.Build.0 = Release|Any CPU
		{8C322826-2CA8-42D8-B0D3-A47F2E144506}.Debug|Any CPU.ActiveCfg = Debug|Any CPU
		{8C322826-2CA8-42D8-B0D3-A47F2E144506}.Debug|Any CPU.Build.0 = Debug|Any CPU
		{8C322826-2CA8-42D8-B0D3-A47F2E144506}.Release|Any CPU.ActiveCfg = Release|Any CPU
		{8C322826-2CA8-42D8-B0D3-A47F2E144506}.Release|Any CPU.Build.0 = Release|Any CPU
		{3A8CB96F-4B6E-4BF1-97A1-F20CF80D7485}.Debug|Any CPU.ActiveCfg = Debug|Any CPU
		{3A8CB96F-4B6E-4BF1-97A1-F20CF80D7485}.Debug|Any CPU.Build.0 = Debug|Any CPU
		{3A8CB96F-4B6E-4BF1-97A1-F20CF80D7485}.Release|Any CPU.ActiveCfg = Release|Any CPU
		{3A8CB96F-4B6E-4BF1-97A1-F20CF80D7485}.Release|Any CPU.Build.0 = Release|Any CPU
	EndGlobalSection
	GlobalSection(SolutionProperties) = preSolution
		HideSolutionNode = FALSE
	EndGlobalSection
	GlobalSection(ExtensibilityGlobals) = postSolution
		SolutionGuid = {C524E0BC-C458-4508-B902-6C32D1390772}
	EndGlobalSection
EndGlobal
